
Microsoft Visual Studio Solution File, Format Version 12.00
# Visual Studio Version 17
VisualStudioVersion = 17.6.33712.159
MinimumVisualStudioVersion = 10.0.40219.1
Project("{2150E333-8FDC-42A3-9474-1A3956D46DE8}") = "GLFW3", "GLFW3", "{2DE939A6-BA0C-333B-9BC7-3E3C338A69E9}"
EndProject
Project("{8BC9CEB8-8B4A-11D0-8D11-00A0C91BC942}") = "glfw", "src\glfw.vcxproj", "{566B6525-FB57-3D55-AC79-491337C822B1}"
EndProject
Global
	GlobalSection(SolutionConfigurationPlatforms) = preSolution
		Debug|x64 = Debug|x64
		MinSizeRel|x64 = MinSizeRel|x64
		Release|x64 = Release|x64
		RelWithDebInfo|x64 = RelWithDebInfo|x64
	EndGlobalSection
	GlobalSection(ProjectConfigurationPlatforms) = postSolution
		{566B6525-FB57-3D55-AC79-491337C822B1}.Debug|x64.ActiveCfg = Debug|x64
		{566B6525-FB57-3D55-AC79-491337C822B1}.Debug|x64.Build.0 = Debug|x64
		{566B6525-FB57-3D55-AC79-491337C822B1}.MinSizeRel|x64.ActiveCfg = MinSizeRel|x64
		{566B6525-FB57-3D55-AC79-491337C822B1}.MinSizeRel|x64.Build.0 = MinSizeRel|x64
		{566B6525-FB57-3D55-AC79-491337C822B1}.Release|x64.ActiveCfg = Release|x64
		{566B6525-FB57-3D55-AC79-491337C822B1}.Release|x64.Build.0 = Release|x64
		{566B6525-FB57-3D55-AC79-491337C822B1}.RelWithDebInfo|x64.ActiveCfg = RelWithDebInfo|x64
		{566B6525-FB57-3D55-AC79-491337C822B1}.RelWithDebInfo|x64.Build.0 = RelWithDebInfo|x64
	EndGlobalSection
	GlobalSection(SolutionProperties) = preSolution
		HideSolutionNode = FALSE
	EndGlobalSection
	GlobalSection(NestedProjects) = preSolution
		{566B6525-FB57-3D55-AC79-491337C822B1} = {2DE939A6-BA0C-333B-9BC7-3E3C338A69E9}
	EndGlobalSection
	GlobalSection(ExtensibilityGlobals) = postSolution
		SolutionGuid = {68D35A61-FA2B-3A1E-B19C-B2675AD9F1F5}
	EndGlobalSection
EndGlobal
